{
  "name": "@leryk1981/thin-core",
  "version": "3.3.0-rc.5",
  "lockfileVersion": 3,
  "requires": true,
  "packages": {
    "": {
      "name": "@leryk1981/thin-core",
      "version": "3.3.0-rc.5",
      "license": "MIT",
      "bin": {
        "mova-validate": "bin/mova-validate.cjs"
      },
      "engines": {
        "node": ">=18"
      }
    }
  }
}
